
Microsoft Visual Studio Solution File, Format Version 12.00
# Visual Studio Version 17
VisualStudioVersion = 17.13.35828.75
MinimumVisualStudioVersion = 10.0.40219.1
Project("{FAE04EC0-301F-11D3-BF4B-00C04F79EFBC}") = "Patient-CRUD-System", "Patient-CRUD-System\Patient-CRUD-System.csproj", "{9552D180-80AC-4ED3-97F3-501103F69937}"
EndProject
Project("{FAE04EC0-301F-11D3-BF4B-00C04F79EFBC}") = "DAL", "DAL\DAL.csproj", "{6F296710-D83F-45DE-AD03-77234447931E}"
EndProject
Project("{FAE04EC0-301F-11D3-BF4B-00C04F79EFBC}") = "BLL", "BLL\BLL.csproj", "{42F919F2-1D10-41F7-8244-D9F603E7A014}"
EndProject
Project("{FAE04EC0-301F-11D3-BF4B-00C04F79EFBC}") = "DTO", "DTO\DTO.csproj", "{9404EB5F-91EA-42F5-84CE-313CC94962A7}"
EndProject
Global
	GlobalSection(SolutionConfigurationPlatforms) = preSolution
		Debug|Any CPU = Debug|Any CPU
		Release|Any CPU = Release|Any CPU
	EndGlobalSection
	GlobalSection(ProjectConfigurationPlatforms) = postSolution
		{9552D180-80AC-4ED3-97F3-501103F69937}.Debug|Any CPU.ActiveCfg = Debug|Any CPU
		{9552D180-80AC-4ED3-97F3-501103F69937}.Debug|Any CPU.Build.0 = Debug|Any CPU
		{9552D180-80AC-4ED3-97F3-501103F69937}.Release|Any CPU.ActiveCfg = Release|Any CPU
		{9552D180-80AC-4ED3-97F3-501103F69937}.Release|Any CPU.Build.0 = Release|Any CPU
		{6F296710-D83F-45DE-AD03-77234447931E}.Debug|Any CPU.ActiveCfg = Debug|Any CPU
		{6F296710-D83F-45DE-AD03-77234447931E}.Debug|Any CPU.Build.0 = Debug|Any CPU
		{6F296710-D83F-45DE-AD03-77234447931E}.Release|Any CPU.ActiveCfg = Release|Any CPU
		{6F296710-D83F-45DE-AD03-77234447931E}.Release|Any CPU.Build.0 = Release|Any CPU
		{42F919F2-1D10-41F7-8244-D9F603E7A014}.Debug|Any CPU.ActiveCfg = Debug|Any CPU
		{42F919F2-1D10-41F7-8244-D9F603E7A014}.Debug|Any CPU.Build.0 = Debug|Any CPU
		{42F919F2-1D10-41F7-8244-D9F603E7A014}.Release|Any CPU.ActiveCfg = Release|Any CPU
		{42F919F2-1D10-41F7-8244-D9F603E7A014}.Release|Any CPU.Build.0 = Release|Any CPU
		{9404EB5F-91EA-42F5-84CE-313CC94962A7}.Debug|Any CPU.ActiveCfg = Debug|Any CPU
		{9404EB5F-91EA-42F5-84CE-313CC94962A7}.Debug|Any CPU.Build.0 = Debug|Any CPU
		{9404EB5F-91EA-42F5-84CE-313CC94962A7}.Release|Any CPU.ActiveCfg = Release|Any CPU
		{9404EB5F-91EA-42F5-84CE-313CC94962A7}.Release|Any CPU.Build.0 = Release|Any CPU
	EndGlobalSection
	GlobalSection(SolutionProperties) = preSolution
		HideSolutionNode = FALSE
	EndGlobalSection
	GlobalSection(ExtensibilityGlobals) = postSolution
		SolutionGuid = {4D460461-AD1F-469B-847B-E5A74AFC8AB6}
	EndGlobalSection
EndGlobal
